Microsoft Visual Studio Solution File, Format Version 9.00
# Visual Studio 2005
Project("{8BC9CEB8-8B4A-11D0-8D11-00A0C91BC942}") = "encoder", "encoder.vcproj", "{1005BE25-C7E6-403E-B385-5A6E071D12CD}"
EndProject
Global
	GlobalSection(SolutionConfigurationPlatforms) = preSolution
		Debug|Win32 = Debug|Win32
		Release|Win32 = Release|Win32
	EndGlobalSection
	GlobalSection(ProjectConfigurationPlatforms) = postSolution
		{1005BE25-C7E6-403E-B385-5A6E071D12CD}.Debug|Win32.ActiveCfg = Debug|Win32
		{1005BE25-C7E6-403E-B385-5A6E071D12CD}.Debug|Win32.Build.0 = Debug|Win32
		{1005BE25-C7E6-403E-B385-5A6E071D12CD}.Release|Win32.ActiveCfg = Release|Win32
		{1005BE25-C7E6-403E-B385-5A6E071D12CD}.Release|Win32.Build.0 = Release|Win32
	EndGlobalSection
	GlobalSection(SolutionProperties) = preSolution
		HideSolutionNode = FALSE
	EndGlobalSection
EndGlobal
